
Microsoft Visual Studio Solution File, Format Version 12.00
# Visual Studio 14
VisualStudioVersion = 14.0.25420.1
MinimumVisualStudioVersion = 10.0.40219.1
Project("{FAE04EC0-301F-11D3-BF4B-00C04F79EFBC}") = "WpfAnimateFrameTest", "WpfAnimateFrameTest\WpfAnimateFrameTest.csproj", "{B93008FB-8119-442D-92ED-0874DE88FED9}"
EndProject
Project("{FAE04EC0-301F-11D3-BF4B-00C04F79EFBC}") = "Demo", "Demo\Demo.csproj", "{963D5998-6628-408F-B85D-DAA54B8D3CA8}"
EndProject
Global
	GlobalSection(SolutionConfigurationPlatforms) = preSolution
		Debug|Any CPU = Debug|Any CPU
		Release|Any CPU = Release|Any CPU
	EndGlobalSection
	GlobalSection(ProjectConfigurationPlatforms) = postSolution
		{B93008FB-8119-442D-92ED-0874DE88FED9}.Debug|Any CPU.ActiveCfg = Debug|Any CPU
		{B93008FB-8119-442D-92ED-0874DE88FED9}.Debug|Any CPU.Build.0 = Debug|Any CPU
		{B93008FB-8119-442D-92ED-0874DE88FED9}.Release|Any CPU.ActiveCfg = Release|Any CPU
		{B93008FB-8119-442D-92ED-0874DE88FED9}.Release|Any CPU.Build.0 = Release|Any CPU
		{963D5998-6628-408F-B85D-DAA54B8D3CA8}.Debug|Any CPU.ActiveCfg = Debug|Any CPU
		{963D5998-6628-408F-B85D-DAA54B8D3CA8}.Debug|Any CPU.Build.0 = Debug|Any CPU
		{963D5998-6628-408F-B85D-DAA54B8D3CA8}.Release|Any CPU.ActiveCfg = Release|Any CPU
		{963D5998-6628-408F-B85D-DAA54B8D3CA8}.Release|Any CPU.Build.0 = Release|Any CPU
	EndGlobalSection
	GlobalSection(SolutionProperties) = preSolution
		HideSolutionNode = FALSE
	EndGlobalSection
EndGlobal
